{
  "name": "first-testnet-rewards",
  "version": "1.0.0",
  "lockfileVersion": 1,
  "requires": true,
  "dependencies": {
    "@emurgo/cardano-serialization-lib-nodejs": {
      "version": "10.0.4",
      "resolved": "https://registry.npmjs.org/@emurgo/cardano-serialization-lib-nodejs/-/cardano-serialization-lib-nodejs-10.0.4.tgz",
      "integrity": "sha512-s0/bzBvR+wCL8IwB/2IU0yHdSybfGVORrOPxCuEMOFvvIM4KO5aYVoHMFjqzEO2A4aXk+yPx6E2R2zyndxWGVA=="
    },
    "@types/node": {
      "version": "17.0.25",
      "resolved": "https://registry.npmjs.org/@types/node/-/node-17.0.25.tgz",
      "integrity": "sha512-wANk6fBrUwdpY4isjWrKTufkrXdu1D2YHCot2fD/DfWxF5sMrVSA+KN7ydckvaTCh0HiqX9IVl0L5/ZoXg5M7w=="
    }
  }
}
